
Microsoft Visual Studio Solution File, Format Version 12.00
# Visual Studio Version 17
VisualStudioVersion = 17.7.34031.279
MinimumVisualStudioVersion = 10.0.40219.1
Project("{FAE04EC0-301F-11D3-BF4B-00C04F79EFBC}") = "Filters_for_images", "Filters_for_images\Filters_for_images.csproj", "{A044A7FD-86A9-411D-91F8-B66EE19B3E22}"
EndProject
Project("{2150E333-8FDC-42A3-9474-1A3956D46DE8}") = "Элементы решения", "Элементы решения", "{D521AD17-EA34-4D40-8975-14354E55E87B}"
EndProject
Global
	GlobalSection(SolutionConfigurationPlatforms) = preSolution
		Debug|Any CPU = Debug|Any CPU
		Release|Any CPU = Release|Any CPU
	EndGlobalSection
	GlobalSection(ProjectConfigurationPlatforms) = postSolution
		{A044A7FD-86A9-411D-91F8-B66EE19B3E22}.Debug|Any CPU.ActiveCfg = Debug|Any CPU
		{A044A7FD-86A9-411D-91F8-B66EE19B3E22}.Debug|Any CPU.Build.0 = Debug|Any CPU
		{A044A7FD-86A9-411D-91F8-B66EE19B3E22}.Release|Any CPU.ActiveCfg = Release|Any CPU
		{A044A7FD-86A9-411D-91F8-B66EE19B3E22}.Release|Any CPU.Build.0 = Release|Any CPU
	EndGlobalSection
	GlobalSection(SolutionProperties) = preSolution
		HideSolutionNode = FALSE
	EndGlobalSection
	GlobalSection(ExtensibilityGlobals) = postSolution
		SolutionGuid = {11A5CA4F-FC3C-470B-9F6E-796A0505470D}
	EndGlobalSection
EndGlobal
